# This file is generated by running "yarn install" inside your project.
# Manual changes might be lost - proceed with caution!

__metadata:
  version: 8
  cacheKey: 10

"@esbuild/aix-ppc64@npm:0.21.2":
  version: 0.21.2
  resolution: "@esbuild/aix-ppc64@npm:0.21.2"
  conditions: os=aix & cpu=ppc64
  languageName: node
  linkType: hard

"@esbuild/android-arm64@npm:0.21.2":
  version: 0.21.2
  resolution: "@esbuild/android-arm64@npm:0.21.2"
  conditions: os=android & cpu=arm64
  languageName: node
  linkType: hard

"@esbuild/android-arm@npm:0.21.2":
  version: 0.21.2
  resolution: "@esbuild/android-arm@npm:0.21.2"
  conditions: os=android & cpu=arm
  languageName: node
  linkType: hard

"@esbuild/android-x64@npm:0.21.2":
  version: 0.21.2
  resolution: "@esbuild/android-x64@npm:0.21.2"
  conditions: os=android & cpu=x64
  languageName: node
  linkType: hard

"@esbuild/darwin-arm64@npm:0.21.2":
  version: 0.21.2
  resolution: "@esbuild/darwin-arm64@npm:0.21.2"
  conditions: os=darwin & cpu=arm64
  languageName: node
  linkType: hard

"@esbuild/darwin-x64@npm:0.21.2":
  version: 0.21.2
  resolution: "@esbuild/darwin-x64@npm:0.21.2"
  conditions: os=darwin & cpu=x64
  languageName: node
  linkType: hard

"@esbuild/freebsd-arm64@npm:0.21.2":
  version: 0.21.2
  resolution: "@esbuild/freebsd-arm64@npm:0.21.2"
  conditions: os=freebsd & cpu=arm64
  languageName: node
  linkType: hard

"@esbuild/freebsd-x64@npm:0.21.2":
  version: 0.21.2
  resolution: "@esbuild/freebsd-x64@npm:0.21.2"
  conditions: os=freebsd & cpu=x64
  languageName: node
  linkType: hard

"@esbuild/linux-arm64@npm:0.21.2":
  version: 0.21.2
  resolution: "@esbuild/linux-arm64@npm:0.21.2"
  conditions: os=linux & cpu=arm64
  languageName: node
  linkType: hard

"@esbuild/linux-arm@npm:0.21.2":
  version: 0.21.2
  resolution: "@esbuild/linux-arm@npm:0.21.2"
  conditions: os=linux & cpu=arm
  languageName: node
  linkType: hard

"@esbuild/linux-ia32@npm:0.21.2":
  version: 0.21.2
  resolution: "@esbuild/linux-ia32@npm:0.21.2"
  conditions: os=linux & cpu=ia32
  languageName: node
  linkType: hard

"@esbuild/linux-loong64@npm:0.21.2":
  version: 0.21.2
  resolution: "@esbuild/linux-loong64@npm:0.21.2"
  conditions: os=linux & cpu=loong64
  languageName: node
  linkType: hard

"@esbuild/linux-mips64el@npm:0.21.2":
  version: 0.21.2
  resolution: "@esbuild/linux-mips64el@npm:0.21.2"
  conditions: os=linux & cpu=mips64el
  languageName: node
  linkType: hard

"@esbuild/linux-ppc64@npm:0.21.2":
  version: 0.21.2
  resolution: "@esbuild/linux-ppc64@npm:0.21.2"
  conditions: os=linux & cpu=ppc64
  languageName: node
  linkType: hard

"@esbuild/linux-riscv64@npm:0.21.2":
  version: 0.21.2
  resolution: "@esbuild/linux-riscv64@npm:0.21.2"
  conditions: os=linux & cpu=riscv64
  languageName: node
  linkType: hard

"@esbuild/linux-s390x@npm:0.21.2":
  version: 0.21.2
  resolution: "@esbuild/linux-s390x@npm:0.21.2"
  conditions: os=linux & cpu=s390x
  languageName: node
  linkType: hard

"@esbuild/linux-x64@npm:0.21.2":
  version: 0.21.2
  resolution: "@esbuild/linux-x64@npm:0.21.2"
  conditions: os=linux & cpu=x64
  languageName: node
  linkType: hard

"@esbuild/netbsd-x64@npm:0.21.2":
  version: 0.21.2
  resolution: "@esbuild/netbsd-x64@npm:0.21.2"
  conditions: os=netbsd & cpu=x64
  languageName: node
  linkType: hard

"@esbuild/openbsd-x64@npm:0.21.2":
  version: 0.21.2
  resolution: "@esbuild/openbsd-x64@npm:0.21.2"
  conditions: os=openbsd & cpu=x64
  languageName: node
  linkType: hard

"@esbuild/sunos-x64@npm:0.21.2":
  version: 0.21.2
  resolution: "@esbuild/sunos-x64@npm:0.21.2"
  conditions: os=sunos & cpu=x64
  languageName: node
  linkType: hard

"@esbuild/win32-arm64@npm:0.21.2":
  version: 0.21.2
  resolution: "@esbuild/win32-arm64@npm:0.21.2"
  conditions: os=win32 & cpu=arm64
  languageName: node
  linkType: hard

"@esbuild/win32-ia32@npm:0.21.2":
  version: 0.21.2
  resolution: "@esbuild/win32-ia32@npm:0.21.2"
  conditions: os=win32 & cpu=ia32
  languageName: node
  linkType: hard

"@esbuild/win32-x64@npm:0.21.2":
  version: 0.21.2
  resolution: "@esbuild/win32-x64@npm:0.21.2"
  conditions: os=win32 & cpu=x64
  languageName: node
  linkType: hard

"@types/node@npm:^20.12.12":
  version: 20.12.12
  resolution: "@types/node@npm:20.12.12"
  dependencies:
    undici-types: "npm:~5.26.4"
  checksum: e3945da0a3017bdc1f88f15bdfb823f526b2a717bd58d4640082d6eb0bd2794b5c99bfb914b9e9324ec116dce36066990353ed1c777e8a7b0641f772575793c4
  languageName: node
  linkType: hard

"chalk@npm:^5.3.0":
  version: 5.3.0
  resolution: "chalk@npm:5.3.0"
  checksum: 6373caaab21bd64c405bfc4bd9672b145647fc9482657b5ea1d549b3b2765054e9d3d928870cdf764fb4aad67555f5061538ff247b8310f110c5c888d92397ea
  languageName: node
  linkType: hard

"console-log-colors@npm:^0.5.0":
  version: 0.5.0
  resolution: "console-log-colors@npm:0.5.0"
  checksum: f2f5aec778405d53d8a4dc095f9b4bdfe8a214c912dd2f9716668344b2a550b9d4e0385d76e56133494f1a559a06b05c8dbc7e6a936acd9c2f8dd98d51ce3966
  languageName: node
  linkType: hard

"debug@npm:^4.3.4":
  version: 4.3.4
  resolution: "debug@npm:4.3.4"
  dependencies:
    ms: "npm:2.1.2"
  peerDependenciesMeta:
    supports-color:
      optional: true
  checksum: 0073c3bcbd9cb7d71dd5f6b55be8701af42df3e56e911186dfa46fac3a5b9eb7ce7f377dd1d3be6db8977221f8eb333d945216f645cf56f6b688cd484837d255
  languageName: node
  linkType: hard

"esbuild-register@npm:^3.5.0":
  version: 3.5.0
  resolution: "esbuild-register@npm:3.5.0"
  dependencies:
    debug: "npm:^4.3.4"
  peerDependencies:
    esbuild: ">=0.12 <1"
  checksum: af6874ce9b5fcdb0974c9d9e9f16530a5b9bd80c699b2ba9d7ace33439c1af1be6948535c775d9a6439e2bf23fb31cfd54ac882cfa38308a3f182039f4b98a01
  languageName: node
  linkType: hard

"esbuild@npm:^0.21.2":
  version: 0.21.2
  resolution: "esbuild@npm:0.21.2"
  dependencies:
    "@esbuild/aix-ppc64": "npm:0.21.2"
    "@esbuild/android-arm": "npm:0.21.2"
    "@esbuild/android-arm64": "npm:0.21.2"
    "@esbuild/android-x64": "npm:0.21.2"
    "@esbuild/darwin-arm64": "npm:0.21.2"
    "@esbuild/darwin-x64": "npm:0.21.2"
    "@esbuild/freebsd-arm64": "npm:0.21.2"
    "@esbuild/freebsd-x64": "npm:0.21.2"
    "@esbuild/linux-arm": "npm:0.21.2"
    "@esbuild/linux-arm64": "npm:0.21.2"
    "@esbuild/linux-ia32": "npm:0.21.2"
    "@esbuild/linux-loong64": "npm:0.21.2"
    "@esbuild/linux-mips64el": "npm:0.21.2"
    "@esbuild/linux-ppc64": "npm:0.21.2"
    "@esbuild/linux-riscv64": "npm:0.21.2"
    "@esbuild/linux-s390x": "npm:0.21.2"
    "@esbuild/linux-x64": "npm:0.21.2"
    "@esbuild/netbsd-x64": "npm:0.21.2"
    "@esbuild/openbsd-x64": "npm:0.21.2"
    "@esbuild/sunos-x64": "npm:0.21.2"
    "@esbuild/win32-arm64": "npm:0.21.2"
    "@esbuild/win32-ia32": "npm:0.21.2"
    "@esbuild/win32-x64": "npm:0.21.2"
  dependenciesMeta:
    "@esbuild/aix-ppc64":
      optional: true
    "@esbuild/android-arm":
      optional: true
    "@esbuild/android-arm64":
      optional: true
    "@esbuild/android-x64":
      optional: true
    "@esbuild/darwin-arm64":
      optional: true
    "@esbuild/darwin-x64":
      optional: true
    "@esbuild/freebsd-arm64":
      optional: true
    "@esbuild/freebsd-x64":
      optional: true
    "@esbuild/linux-arm":
      optional: true
    "@esbuild/linux-arm64":
      optional: true
    "@esbuild/linux-ia32":
      optional: true
    "@esbuild/linux-loong64":
      optional: true
    "@esbuild/linux-mips64el":
      optional: true
    "@esbuild/linux-ppc64":
      optional: true
    "@esbuild/linux-riscv64":
      optional: true
    "@esbuild/linux-s390x":
      optional: true
    "@esbuild/linux-x64":
      optional: true
    "@esbuild/netbsd-x64":
      optional: true
    "@esbuild/openbsd-x64":
      optional: true
    "@esbuild/sunos-x64":
      optional: true
    "@esbuild/win32-arm64":
      optional: true
    "@esbuild/win32-ia32":
      optional: true
    "@esbuild/win32-x64":
      optional: true
  bin:
    esbuild: bin/esbuild
  checksum: 0f6663800686f06dc55a701e0a97648cc52aacfdb618bb48bcb6d6d1881e96152b9ac2729d8408db6263344dd07732210944527e50d874ee3a2c41bae74f7239
  languageName: node
  linkType: hard

"is-unicode-supported@npm:^1.3.0":
  version: 1.3.0
  resolution: "is-unicode-supported@npm:1.3.0"
  checksum: 20a1fc161afafaf49243551a5ac33b6c4cf0bbcce369fcd8f2951fbdd000c30698ce320de3ee6830497310a8f41880f8066d440aa3eb0a853e2aa4836dd89abc
  languageName: node
  linkType: hard

"log-symbols@npm:^6.0.0":
  version: 6.0.0
  resolution: "log-symbols@npm:6.0.0"
  dependencies:
    chalk: "npm:^5.3.0"
    is-unicode-supported: "npm:^1.3.0"
  checksum: 510cdda36700cbcd87a2a691ea08d310a6c6b449084018f7f2ec4f732ca5e51b301ff1327aadd96f53c08318e616276c65f7fe22f2a16704fb0715d788bc3c33
  languageName: node
  linkType: hard

"ms@npm:2.1.2":
  version: 2.1.2
  resolution: "ms@npm:2.1.2"
  checksum: 673cdb2c3133eb050c745908d8ce632ed2c02d85640e2edb3ace856a2266a813b30c613569bf3354fdf4ea7d1a1494add3bfa95e2713baa27d0c2c71fc44f58f
  languageName: node
  linkType: hard

"pretty-bytes@npm:^6.1.1":
  version: 6.1.1
  resolution: "pretty-bytes@npm:6.1.1"
  checksum: 43d29d909d2d88072da2c3d72f8fd0f2d2523c516bfa640aff6e31f596ea1004b6601f4cabc50d14b2cf10e82635ebe5b7d9378f3d5bae1c0067131829421b8a
  languageName: node
  linkType: hard

"tokyotech-login@workspace:.":
  version: 0.0.0-use.local
  resolution: "tokyotech-login@workspace:."
  dependencies:
    "@types/node": "npm:^20.12.12"
    console-log-colors: "npm:^0.5.0"
    esbuild: "npm:^0.21.2"
    esbuild-register: "npm:^3.5.0"
    log-symbols: "npm:^6.0.0"
    pretty-bytes: "npm:^6.1.1"
  languageName: unknown
  linkType: soft

"undici-types@npm:~5.26.4":
  version: 5.26.5
  resolution: "undici-types@npm:5.26.5"
  checksum: 0097779d94bc0fd26f0418b3a05472410408877279141ded2bd449167be1aed7ea5b76f756562cb3586a07f251b90799bab22d9019ceba49c037c76445f7cddd
  languageName: node
  linkType: hard
